// !$*UTF8*$!
{
	archiveVersion = 1;
	classes = {
	};
	objectVersion = 46;
	objects = {

/* Begin PBXBuildFile section */
		C1B7C4D31D9B7F6F007EABD7 /* AppDelegate.swift in Sources */ = {isa = PBXBuildFile; fileRef = C1B7C4D21D9B7F6F007EABD7 /* AppDelegate.swift */; };
		C1B7C4D81D9B7F6F007EABD7 /* Main.storyboard in Resources */ = {isa = PBXBuildFile; fileRef = C1B7C4D61D9B7F6F007EABD7 /* Main.storyboard */; };
		C1B7C4DA1D9B7F6F007EABD7 /* Assets.xcassets in Resources */ = {isa = PBXBuildFile; fileRef = C1B7C4D91D9B7F6F007EABD7 /* Assets.xcassets */; };
		C1B7C4DD1D9B7F6F007EABD7 /* LaunchScreen.storyboard in Resources */ = {isa = PBXBuildFile; fileRef = C1B7C4DB1D9B7F6F007EABD7 /* LaunchScreen.storyboard */; };
		C1B7C4F41D9B8131007EABD7 /* Calendar.swift in Sources */ = {isa = PBXBuildFile; fileRef = C1B7C4E41D9B8131007EABD7 /* Calendar.swift */; };
		C1B7C4F51D9B8131007EABD7 /* CalendarDates.swift in Sources */ = {isa = PBXBuildFile; fileRef = C1B7C4E51D9B8131007EABD7 /* CalendarDates.swift */; };
		C1B7C4F61D9B8131007EABD7 /* CoreExtend.swift in Sources */ = {isa = PBXBuildFile; fileRef = C1B7C4E61D9B8131007EABD7 /* CoreExtend.swift */; };
		C1B7C4F71D9B8131007EABD7 /* FromViewController.swift in Sources */ = {isa = PBXBuildFile; fileRef = C1B7C4E71D9B8131007EABD7 /* FromViewController.swift */; };
		C1B7C4F81D9B8131007EABD7 /* MainViewController.swift in Sources */ = {isa = PBXBuildFile; fileRef = C1B7C4E81D9B8131007EABD7 /* MainViewController.swift */; };
		C1B7C4F91D9B8131007EABD7 /* Result.swift in Sources */ = {isa = PBXBuildFile; fileRef = C1B7C4E91D9B8131007EABD7 /* Result.swift */; };
		C1B7C4FA1D9B8131007EABD7 /* ResultTableView.swift in Sources */ = {isa = PBXBuildFile; fileRef = C1B7C4EA1D9B8131007EABD7 /* ResultTableView.swift */; };
		C1B7C4FB1D9B8131007EABD7 /* ResultTableViewCell.swift in Sources */ = {isa = PBXBuildFile; fileRef = C1B7C4EB1D9B8131007EABD7 /* ResultTableViewCell.swift */; };
		C1B7C4FC1D9B8131007EABD7 /* Route.swift in Sources */ = {isa = PBXBuildFile; fileRef = C1B7C4EC1D9B8131007EABD7 /* Route.swift */; };
		C1B7C4FD1D9B8131007EABD7 /* Service.swift in Sources */ = {isa = PBXBuildFile; fileRef = C1B7C4ED1D9B8131007EABD7 /* Service.swift */; };
		C1B7C4FE1D9B8131007EABD7 /* Station.swift in Sources */ = {isa = PBXBuildFile; fileRef = C1B7C4EE1D9B8131007EABD7 /* Station.swift */; };
		C1B7C4FF1D9B8131007EABD7 /* StationViewController.swift in Sources */ = {isa = PBXBuildFile; fileRef = C1B7C4EF1D9B8131007EABD7 /* StationViewController.swift */; };
		C1B7C5001D9B8131007EABD7 /* Stop.swift in Sources */ = {isa = PBXBuildFile; fileRef = C1B7C4F01D9B8131007EABD7 /* Stop.swift */; };
		C1B7C5011D9B8131007EABD7 /* ToViewController.swift in Sources */ = {isa = PBXBuildFile; fileRef = C1B7C4F11D9B8131007EABD7 /* ToViewController.swift */; };
		C1B7C5021D9B8131007EABD7 /* Trip.swift in Sources */ = {isa = PBXBuildFile; fileRef = C1B7C4F21D9B8131007EABD7 /* Trip.swift */; };
		C1B7C5031D9B8131007EABD7 /* WhenViewController.swift in Sources */ = {isa = PBXBuildFile; fileRef = C1B7C4F31D9B8131007EABD7 /* WhenViewController.swift */; };
		C1B7C5081D9B88D6007EABD7 /* switcher.png in Resources */ = {isa = PBXBuildFile; fileRef = C1B7C5071D9B88D6007EABD7 /* switcher.png */; };
/* End PBXBuildFile section */

/* Begin PBXFileReference section */
		C1B7C4CF1D9B7F6F007EABD7 /* rCaltrain.app */ = {isa = PBXFileReference; explicitFileType = wrapper.application; includeInIndex = 0; path = rCaltrain.app; sourceTree = BUILT_PRODUCTS_DIR; };
		C1B7C4D21D9B7F6F007EABD7 /* AppDelegate.swift */ = {isa = PBXFileReference; lastKnownFileType = sourcecode.swift; path = AppDelegate.swift; sourceTree = "<group>"; };
		C1B7C4D71D9B7F6F007EABD7 /* Base */ = {isa = PBXFileReference; lastKnownFileType = file.storyboard; name = Base; path = Base.lproj/Main.storyboard; sourceTree = "<group>"; };
		C1B7C4D91D9B7F6F007EABD7 /* Assets.xcassets */ = {isa = PBXFileReference; lastKnownFileType = folder.assetcatalog; path = Assets.xcassets; sourceTree = "<group>"; };
		C1B7C4DC1D9B7F6F007EABD7 /* Base */ = {isa = PBXFileReference; lastKnownFileType = file.storyboard; name = Base; path = Base.lproj/LaunchScreen.storyboard; sourceTree = "<group>"; };
		C1B7C4DE1D9B7F6F007EABD7 /* Info.plist */ = {isa = PBXFileReference; lastKnownFileType = text.plist.xml; path = Info.plist; sourceTree = "<group>"; };
		C1B7C4E41D9B8131007EABD7 /* Calendar.swift */ = {isa = PBXFileReference; fileEncoding = 4; lastKnownFileType = sourcecode.swift; path = Calendar.swift; sourceTree = "<group>"; };
		C1B7C4E51D9B8131007EABD7 /* CalendarDates.swift */ = {isa = PBXFileReference; fileEncoding = 4; lastKnownFileType = sourcecode.swift; path = CalendarDates.swift; sourceTree = "<group>"; };
		C1B7C4E61D9B8131007EABD7 /* CoreExtend.swift */ = {isa = PBXFileReference; fileEncoding = 4; lastKnownFileType = sourcecode.swift; path = CoreExtend.swift; sourceTree = "<group>"; };
		C1B7C4E71D9B8131007EABD7 /* FromViewController.swift */ = {isa = PBXFileReference; fileEncoding = 4; lastKnownFileType = sourcecode.swift; path = FromViewController.swift; sourceTree = "<group>"; };
		C1B7C4E81D9B8131007EABD7 /* MainViewController.swift */ = {isa = PBXFileReference; fileEncoding = 4; lastKnownFileType = sourcecode.swift; path = MainViewController.swift; sourceTree = "<group>"; };
		C1B7C4E91D9B8131007EABD7 /* Result.swift */ = {isa = PBXFileReference; fileEncoding = 4; lastKnownFileType = sourcecode.swift; path = Result.swift; sourceTree = "<group>"; };
		C1B7C4EA1D9B8131007EABD7 /* ResultTableView.swift */ = {isa = PBXFileReference; fileEncoding = 4; lastKnownFileType = sourcecode.swift; path = ResultTableView.swift; sourceTree = "<group>"; };
		C1B7C4EB1D9B8131007EABD7 /* ResultTableViewCell.swift */ = {isa = PBXFileReference; fileEncoding = 4; lastKnownFileType = sourcecode.swift; path = ResultTableViewCell.swift; sourceTree = "<group>"; };
		C1B7C4EC1D9B8131007EABD7 /* Route.swift */ = {isa = PBXFileReference; fileEncoding = 4; lastKnownFileType = sourcecode.swift; path = Route.swift; sourceTree = "<group>"; };
		C1B7C4ED1D9B8131007EABD7 /* Service.swift */ = {isa = PBXFileReference; fileEncoding = 4; lastKnownFileType = sourcecode.swift; path = Service.swift; sourceTree = "<group>"; };
		C1B7C4EE1D9B8131007EABD7 /* Station.swift */ = {isa = PBXFileReference; fileEncoding = 4; lastKnownFileType = sourcecode.swift; path = Station.swift; sourceTree = "<group>"; };
		C1B7C4EF1D9B8131007EABD7 /* StationViewController.swift */ = {isa = PBXFileReference; fileEncoding = 4; lastKnownFileType = sourcecode.swift; path = StationViewController.swift; sourceTree = "<group>"; };
		C1B7C4F01D9B8131007EABD7 /* Stop.swift */ = {isa = PBXFileReference; fileEncoding = 4; lastKnownFileType = sourcecode.swift; path = Stop.swift; sourceTree = "<group>"; };
		C1B7C4F11D9B8131007EABD7 /* ToViewController.swift */ = {isa = PBXFileReference; fileEncoding = 4; lastKnownFileType = sourcecode.swift; path = ToViewController.swift; sourceTree = "<group>"; };
		C1B7C4F21D9B8131007EABD7 /* Trip.swift */ = {isa = PBXFileReference; fileEncoding = 4; lastKnownFileType = sourcecode.swift; path = Trip.swift; sourceTree = "<group>"; };
		C1B7C4F31D9B8131007EABD7 /* WhenViewController.swift */ = {isa = PBXFileReference; fileEncoding = 4; lastKnownFileType = sourcecode.swift; path = WhenViewController.swift; sourceTree = "<group>"; };
		C1B7C5041D9B8620007EABD7 /* MyPlayground.playground */ = {isa = PBXFileReference; lastKnownFileType = file.playground; path = MyPlayground.playground; sourceTree = "<group>"; };
		C1B7C5071D9B88D6007EABD7 /* switcher.png */ = {isa = PBXFileReference; lastKnownFileType = image.png; path = switcher.png; sourceTree = "<group>"; };
/* End PBXFileReference section */

/* Begin PBXFrameworksBuildPhase section */
		C1B7C4CC1D9B7F6F007EABD7 /* Frameworks */ = {
			isa = PBXFrameworksBuildPhase;
			buildActionMask = 2147483647;
			files = (
			);
			runOnlyForDeploymentPostprocessing = 0;
		};
/* End PBXFrameworksBuildPhase section */

/* Begin PBXGroup section */
		C1B7C4C61D9B7F6F007EABD7 = {
			isa = PBXGroup;
			children = (
				C1B7C4D11D9B7F6F007EABD7 /* rCaltrain */,
				C1B7C4D01D9B7F6F007EABD7 /* Products */,
			);
			sourceTree = "<group>";
		};
		C1B7C4D01D9B7F6F007EABD7 /* Products */ = {
			isa = PBXGroup;
			children = (
				C1B7C4CF1D9B7F6F007EABD7 /* rCaltrain.app */,
			);
			name = Products;
			sourceTree = "<group>";
		};
		C1B7C4D11D9B7F6F007EABD7 /* rCaltrain */ = {
			isa = PBXGroup;
			children = (
				C1B7C5071D9B88D6007EABD7 /* switcher.png */,
				C1B7C5041D9B8620007EABD7 /* MyPlayground.playground */,
				C1B7C4E41D9B8131007EABD7 /* Calendar.swift */,
				C1B7C4E51D9B8131007EABD7 /* CalendarDates.swift */,
				C1B7C4E61D9B8131007EABD7 /* CoreExtend.swift */,
				C1B7C4E71D9B8131007EABD7 /* FromViewController.swift */,
				C1B7C4E81D9B8131007EABD7 /* MainViewController.swift */,
				C1B7C4E91D9B8131007EABD7 /* Result.swift */,
				C1B7C4EA1D9B8131007EABD7 /* ResultTableView.swift */,
				C1B7C4EB1D9B8131007EABD7 /* ResultTableViewCell.swift */,
				C1B7C4EC1D9B8131007EABD7 /* Route.swift */,
				C1B7C4ED1D9B8131007EABD7 /* Service.swift */,
				C1B7C4EE1D9B8131007EABD7 /* Station.swift */,
				C1B7C4EF1D9B8131007EABD7 /* StationViewController.swift */,
				C1B7C4F01D9B8131007EABD7 /* Stop.swift */,
				C1B7C4F11D9B8131007EABD7 /* ToViewController.swift */,
				C1B7C4F21D9B8131007EABD7 /* Trip.swift */,
				C1B7C4F31D9B8131007EABD7 /* WhenViewController.swift */,
				C1B7C4D21D9B7F6F007EABD7 /* AppDelegate.swift */,
				C1B7C4D61D9B7F6F007EABD7 /* Main.storyboard */,
				C1B7C4D91D9B7F6F007EABD7 /* Assets.xcassets */,
				C1B7C4DB1D9B7F6F007EABD7 /* LaunchScreen.storyboard */,
				C1B7C4DE1D9B7F6F007EABD7 /* Info.plist */,
			);
			path = rCaltrain;
			sourceTree = "<group>";
		};
/* End PBXGroup section */

/* Begin PBXNativeTarget section */
		C1B7C4CE1D9B7F6F007EABD7 /* rCaltrain */ = {
			isa = PBXNativeTarget;
			buildConfigurationList = C1B7C4E11D9B7F6F007EABD7 /* Build configuration list for PBXNativeTarget "rCaltrain" */;
			buildPhases = (
				C1B7C4CB1D9B7F6F007EABD7 /* Sources */,
				C1B7C4CC1D9B7F6F007EABD7 /* Frameworks */,
				C1B7C4CD1D9B7F6F007EABD7 /* Resources */,
			);
			buildRules = (
			);
			dependencies = (
			);
			name = rCaltrain;
			productName = rCaltrain;
			productReference = C1B7C4CF1D9B7F6F007EABD7 /* rCaltrain.app */;
			productType = "com.apple.product-type.application";
		};
/* End PBXNativeTarget section */

/* Begin PBXProject section */
		C1B7C4C71D9B7F6F007EABD7 /* Project object */ = {
			isa = PBXProject;
			attributes = {
				LastSwiftUpdateCheck = 0800;
				LastUpgradeCheck = 0800;
				ORGANIZATIONNAME = "Wanzhang Sheng";
				TargetAttributes = {
					C1B7C4CE1D9B7F6F007EABD7 = {
						CreatedOnToolsVersion = 8.0;
						ProvisioningStyle = Automatic;
					};
				};
			};
			buildConfigurationList = C1B7C4CA1D9B7F6F007EABD7 /* Build configuration list for PBXProject "rCaltrain" */;
			compatibilityVersion = "Xcode 3.2";
			developmentRegion = English;
			hasScannedForEncodings = 0;
			knownRegions = (
				en,
				Base,
			);
			mainGroup = C1B7C4C61D9B7F6F007EABD7;
			productRefGroup = C1B7C4D01D9B7F6F007EABD7 /* Products */;
			projectDirPath = "";
			projectRoot = "";
			targets = (
				C1B7C4CE1D9B7F6F007EABD7 /* rCaltrain */,
			);
		};
/* End PBXProject section */

/* Begin PBXResourcesBuildPhase section */
		C1B7C4CD1D9B7F6F007EABD7 /* Resources */ = {
			isa = PBXResourcesBuildPhase;
			buildActionMask = 2147483647;
			files = (
				C1B7C4DD1D9B7F6F007EABD7 /* LaunchScreen.storyboard in Resources */,
				C1B7C4DA1D9B7F6F007EABD7 /* Assets.xcassets in Resources */,
				C1B7C5081D9B88D6007EABD7 /* switcher.png in Resources */,
				C1B7C4D81D9B7F6F007EABD7 /* Main.storyboard in Resources */,
			);
			runOnlyForDeploymentPostprocessing = 0;
		};
/* End PBXResourcesBuildPhase section */

/* Begin PBXSourcesBuildPhase section */
		C1B7C4CB1D9B7F6F007EABD7 /* Sources */ = {
			isa = PBXSourcesBuildPhase;
			buildActionMask = 2147483647;
			files = (
				C1B7C4FA1D9B8131007EABD7 /* ResultTableView.swift in Sources */,
				C1B7C4F81D9B8131007EABD7 /* MainViewController.swift in Sources */,
				C1B7C5031D9B8131007EABD7 /* WhenViewController.swift in Sources */,
				C1B7C5001D9B8131007EABD7 /* Stop.swift in Sources */,
				C1B7C5011D9B8131007EABD7 /* ToViewController.swift in Sources */,
				C1B7C4FC1D9B8131007EABD7 /* Route.swift in Sources */,
				C1B7C4F61D9B8131007EABD7 /* CoreExtend.swift in Sources */,
				C1B7C4FE1D9B8131007EABD7 /* Station.swift in Sources */,
				C1B7C4FD1D9B8131007EABD7 /* Service.swift in Sources */,
				C1B7C4F51D9B8131007EABD7 /* CalendarDates.swift in Sources */,
				C1B7C4F41D9B8131007EABD7 /* Calendar.swift in Sources */,
				C1B7C4F71D9B8131007EABD7 /* FromViewController.swift in Sources */,
				C1B7C4F91D9B8131007EABD7 /* Result.swift in Sources */,
				C1B7C4FF1D9B8131007EABD7 /* StationViewController.swift in Sources */,
				C1B7C4FB1D9B8131007EABD7 /* ResultTableViewCell.swift in Sources */,
				C1B7C5021D9B8131007EABD7 /* Trip.swift in Sources */,
				C1B7C4D31D9B7F6F007EABD7 /* AppDelegate.swift in Sources */,
			);
			runOnlyForDeploymentPostprocessing = 0;
		};
/* End PBXSourcesBuildPhase section */

/* Begin PBXVariantGroup section */
		C1B7C4D61D9B7F6F007EABD7 /* Main.storyboard */ = {
			isa = PBXVariantGroup;
			children = (
				C1B7C4D71D9B7F6F007EABD7 /* Base */,
			);
			name = Main.storyboard;
			sourceTree = "<group>";
		};
		C1B7C4DB1D9B7F6F007EABD7 /* LaunchScreen.storyboard */ = {
			isa = PBXVariantGroup;
			children = (
				C1B7C4DC1D9B7F6F007EABD7 /* Base */,
			);
			name = LaunchScreen.storyboard;
			sourceTree = "<group>";
		};
/* End PBXVariantGroup section */

/* Begin XCBuildConfiguration section */
		C1B7C4DF1D9B7F6F007EABD7 /* Debug */ = {
			isa = XCBuildConfiguration;
			buildSettings = {
				ALWAYS_SEARCH_USER_PATHS = NO;
				CLANG_ANALYZER_NONNULL = YES;
				CLANG_CXX_LANGUAGE_STANDARD = "gnu++0x";
				CLANG_CXX_LIBRARY = "libc++";
				CLANG_ENABLE_MODULES = YES;
				CLANG_ENABLE_OBJC_ARC = YES;
				CLANG_WARN_BOOL_CONVERSION = YES;
				CLANG_WARN_CONSTANT_CONVERSION = YES;
				CLANG_WARN_DIRECT_OBJC_ISA_USAGE = YES_ERROR;
				CLANG_WARN_DOCUMENTATION_COMMENTS = YES;
				CLANG_WARN_EMPTY_BODY = YES;
				CLANG_WARN_ENUM_CONVERSION = YES;
				CLANG_WARN_INFINITE_RECURSION = YES;
				CLANG_WARN_INT_CONVERSION = YES;
				CLANG_WARN_OBJC_ROOT_CLASS = YES_ERROR;
				CLANG_WARN_SUSPICIOUS_MOVES = YES;
				CLANG_WARN_UNREACHABLE_CODE = YES;
				CLANG_WARN__DUPLICATE_METHOD_MATCH = YES;
				"CODE_SIGN_IDENTITY[sdk=iphoneos*]" = "iPhone Developer";
				COPY_PHASE_STRIP = NO;
				DEBUG_INFORMATION_FORMAT = dwarf;
				ENABLE_STRICT_OBJC_MSGSEND = YES;
				ENABLE_TESTABILITY = YES;
				GCC_C_LANGUAGE_STANDARD = gnu99;
				GCC_DYNAMIC_NO_PIC = NO;
				GCC_NO_COMMON_BLOCKS = YES;
				GCC_OPTIMIZATION_LEVEL = 0;
				GCC_PREPROCESSOR_DEFINITIONS = (
					"DEBUG=1",
					"$(inherited)",
				);
				GCC_WARN_64_TO_32_BIT_CONVERSION = YES;
				GCC_WARN_ABOUT_RETURN_TYPE = YES_ERROR;
				GCC_WARN_UNDECLARED_SELECTOR = YES;
				GCC_WARN_UNINITIALIZED_AUTOS = YES_AGGRESSIVE;
				GCC_WARN_UNUSED_FUNCTION = YES;
				GCC_WARN_UNUSED_VARIABLE = YES;
				IPHONEOS_DEPLOYMENT_TARGET = 10.0;
				MTL_ENABLE_DEBUG_INFO = YES;
				ONLY_ACTIVE_ARCH = YES;
				SDKROOT = iphoneos;
				SWIFT_ACTIVE_COMPILATION_CONDITIONS = DEBUG;
				SWIFT_OPTIMIZATION_LEVEL = "-Onone";
				TARGETED_DEVICE_FAMILY = "1,2";
			};
			name = Debug;
		};
		C1B7C4E01D9B7F6F007EABD7 /* Release */ = {
			isa = XCBuildConfiguration;
			buildSettings = {
				ALWAYS_SEARCH_USER_PATHS = NO;
				CLANG_ANALYZER_NONNULL = YES;
				CLANG_CXX_LANGUAGE_STANDARD = "gnu++0x";
				CLANG_CXX_LIBRARY = "libc++";
				CLANG_ENABLE_MODULES = YES;
				CLANG_ENABLE_OBJC_ARC = YES;
				CLANG_WARN_BOOL_CONVERSION = YES;
				CLANG_WARN_CONSTANT_CONVERSION = YES;
				CLANG_WARN_DIRECT_OBJC_ISA_USAGE = YES_ERROR;
				CLANG_WARN_DOCUMENTATION_COMMENTS = YES;
				CLANG_WARN_EMPTY_BODY = YES;
				CLANG_WARN_ENUM_CONVERSION = YES;
				CLANG_WARN_INFINITE_RECURSION = YES;
				CLANG_WARN_INT_CONVERSION = YES;
				CLANG_WARN_OBJC_ROOT_CLASS = YES_ERROR;
				CLANG_WARN_SUSPICIOUS_MOVES = YES;
				CLANG_WARN_UNREACHABLE_CODE = YES;
				CLANG_WARN__DUPLICATE_METHOD_MATCH = YES;
				"CODE_SIGN_IDENTITY[sdk=iphoneos*]" = "iPhone Developer";
				COPY_PHASE_STRIP = NO;
				DEBUG_INFORMATION_FORMAT = "dwarf-with-dsym";
				ENABLE_NS_ASSERTIONS = NO;
				ENABLE_STRICT_OBJC_MSGSEND = YES;
				GCC_C_LANGUAGE_STANDARD = gnu99;
				GCC_NO_COMMON_BLOCKS = YES;
				GCC_WARN_64_TO_32_BIT_CONVERSION = YES;
				GCC_WARN_ABOUT_RETURN_TYPE = YES_ERROR;
				GCC_WARN_UNDECLARED_SELECTOR = YES;
				GCC_WARN_UNINITIALIZED_AUTOS = YES_AGGRESSIVE;
				GCC_WARN_UNUSED_FUNCTION = YES;
				GCC_WARN_UNUSED_VARIABLE = YES;
				IPHONEOS_DEPLOYMENT_TARGET = 10.0;
				MTL_ENABLE_DEBUG_INFO = NO;
				SDKROOT = iphoneos;
				SWIFT_OPTIMIZATION_LEVEL = "-Owholemodule";
				TARGETED_DEVICE_FAMILY = "1,2";
				VALIDATE_PRODUCT = YES;
			};
			name = Release;
		};
		C1B7C4E21D9B7F6F007EABD7 /* Debug */ = {
			isa = XCBuildConfiguration;
			buildSettings = {
				ASSETCATALOG_COMPILER_APPICON_NAME = AppIcon;
				INFOPLIST_FILE = rCaltrain/Info.plist;
				LD_RUNPATH_SEARCH_PATHS = "$(inherited) @executable_path/Frameworks";
				PRODUCT_BUNDLE_IDENTIFIER = com.ranmocy.rCaltrain;
				PRODUCT_NAME = "$(TARGET_NAME)";
				SWIFT_VERSION = 3.0;
			};
			name = Debug;
		};
		C1B7C4E31D9B7F6F007EABD7 /* Release */ = {
			isa = XCBuildConfiguration;
			buildSettings = {
				ASSETCATALOG_COMPILER_APPICON_NAME = AppIcon;
				INFOPLIST_FILE = rCaltrain/Info.plist;
				LD_RUNPATH_SEARCH_PATHS = "$(inherited) @executable_path/Frameworks";
				PRODUCT_BUNDLE_IDENTIFIER = com.ranmocy.rCaltrain;
				PRODUCT_NAME = "$(TARGET_NAME)";
				SWIFT_VERSION = 3.0;
			};
			name = Release;
		};
/* End XCBuildConfiguration section */

/* Begin XCConfigurationList section */
		C1B7C4CA1D9B7F6F007EABD7 /* Build configuration list for PBXProject "rCaltrain" */ = {
			isa = XCConfigurationList;
			buildConfigurations = (
				C1B7C4DF1D9B7F6F007EABD7 /* Debug */,
				C1B7C4E01D9B7F6F007EABD7 /* Release */,
			);
			defaultConfigurationIsVisible = 0;
			defaultConfigurationName = Release;
		};
		C1B7C4E11D9B7F6F007EABD7 /* Build configuration list for PBXNativeTarget "rCaltrain" */ = {
			isa = XCConfigurationList;
			buildConfigurations = (
				C1B7C4E21D9B7F6F007EABD7 /* Debug */,
				C1B7C4E31D9B7F6F007EABD7 /* Release */,
			);
			defaultConfigurationIsVisible = 0;
			defaultConfigurationName = Release;
		};
/* End XCConfigurationList section */
	};
	rootObject = C1B7C4C71D9B7F6F007EABD7 /* Project object */;
}
